
Microsoft Visual Studio Solution File, Format Version 12.00
# Visual Studio Version 16
VisualStudioVersion = 16.0.32126.315
MinimumVisualStudioVersion = 10.0.40219.1
Project("{FAE04EC0-301F-11D3-BF4B-00C04F79EFBC}") = "AdvancedMathLibrary", "AdvancedMathLibrary\AdvancedMathLibrary.csproj", "{194D913E-6284-4DC1-98C1-88B848A1431A}"
EndProject
Global
	GlobalSection(SolutionConfigurationPlatforms) = preSolution
		Debug|Any CPU = Debug|Any CPU
		Release|Any CPU = Release|Any CPU
	EndGlobalSection
	GlobalSection(ProjectConfigurationPlatforms) = postSolution
		{194D913E-6284-4DC1-98C1-88B848A1431A}.Debug|Any CPU.ActiveCfg = Debug|Any CPU
		{194D913E-6284-4DC1-98C1-88B848A1431A}.Debug|Any CPU.Build.0 = Debug|Any CPU
		{194D913E-6284-4DC1-98C1-88B848A1431A}.Release|Any CPU.ActiveCfg = Release|Any CPU
		{194D913E-6284-4DC1-98C1-88B848A1431A}.Release|Any CPU.Build.0 = Release|Any CPU
	EndGlobalSection
	GlobalSection(SolutionProperties) = preSolution
		HideSolutionNode = FALSE
	EndGlobalSection
	GlobalSection(ExtensibilityGlobals) = postSolution
		SolutionGuid = {2EF682F2-CCFD-417C-8B30-8A83781C1D77}
	EndGlobalSection
EndGlobal
